{
  "requires": true,
  "lockfileVersion": 1,
  "dependencies": {
    "image-tools": {
      "version": "1.4.0",
      "resolved": "https://repo.huaweicloud.com/repository/npm/image-tools/-/image-tools-1.4.0.tgz",
      "integrity": "sha512-TKtvJ6iUwM0mfaD4keMnk1ENHFC470QEjBfA3IlvKdEOufzvWbjbaoNcoyYq6HlViF8+d5tOS1ooE6j7CHf1lQ=="
    }
  }
}
